
Microsoft Visual Studio Solution File, Format Version 12.00
# Visual Studio Version 16
VisualStudioVersion = 16.0.30225.117
MinimumVisualStudioVersion = 10.0.40219.1
Project("{FAE04EC0-301F-11D3-BF4B-00C04F79EFBC}") = "lijsten", "lijsten\lijsten.csproj", "{E83435B2-09D8-4900-B51B-927CCB4FE096}"
EndProject
Global
	GlobalSection(SolutionConfigurationPlatforms) = preSolution
		Debug|Any CPU = Debug|Any CPU
		Release|Any CPU = Release|Any CPU
	EndGlobalSection
	GlobalSection(ProjectConfigurationPlatforms) = postSolution
		{E83435B2-09D8-4900-B51B-927CCB4FE096}.Debug|Any CPU.ActiveCfg = Debug|Any CPU
		{E83435B2-09D8-4900-B51B-927CCB4FE096}.Debug|Any CPU.Build.0 = Debug|Any CPU
		{E83435B2-09D8-4900-B51B-927CCB4FE096}.Release|Any CPU.ActiveCfg = Release|Any CPU
		{E83435B2-09D8-4900-B51B-927CCB4FE096}.Release|Any CPU.Build.0 = Release|Any CPU
	EndGlobalSection
	GlobalSection(SolutionProperties) = preSolution
		HideSolutionNode = FALSE
	EndGlobalSection
	GlobalSection(ExtensibilityGlobals) = postSolution
		SolutionGuid = {F4ADA45B-185E-47FC-ACF5-5DAA0C9212D6}
	EndGlobalSection
EndGlobal
